
Microsoft Visual Studio Solution File, Format Version 12.00
# Visual Studio Version 16
VisualStudioVersion = 16.0.31129.286
MinimumVisualStudioVersion = 10.0.40219.1
Project("{FAE04EC0-301F-11D3-BF4B-00C04F79EFBC}") = "Nicknames", "Nicknames\Nicknames.csproj", "{9BEC41C8-5E73-4B6A-A7D4-64FD6AA047CC}"
EndProject
Global
	GlobalSection(SolutionConfigurationPlatforms) = preSolution
		Debug|Any CPU = Debug|Any CPU
		Release|Any CPU = Release|Any CPU
	EndGlobalSection
	GlobalSection(ProjectConfigurationPlatforms) = postSolution
		{9BEC41C8-5E73-4B6A-A7D4-64FD6AA047CC}.Debug|Any CPU.ActiveCfg = Debug|Any CPU
		{9BEC41C8-5E73-4B6A-A7D4-64FD6AA047CC}.Debug|Any CPU.Build.0 = Debug|Any CPU
		{9BEC41C8-5E73-4B6A-A7D4-64FD6AA047CC}.Release|Any CPU.ActiveCfg = Release|Any CPU
		{9BEC41C8-5E73-4B6A-A7D4-64FD6AA047CC}.Release|Any CPU.Build.0 = Release|Any CPU
	EndGlobalSection
	GlobalSection(SolutionProperties) = preSolution
		HideSolutionNode = FALSE
	EndGlobalSection
	GlobalSection(ExtensibilityGlobals) = postSolution
		SolutionGuid = {8BEE7841-1F91-4A46-BC1C-19F8BF7B5817}
	EndGlobalSection
EndGlobal
